// !$*UTF8*$!
{
	archiveVersion = 1;
	classes = {
	};
	objectVersion = 50;
	objects = {

/* Begin PBXBuildFile section */
		2ADBB2224151AB75A0D8458E /* Pods_IlyaMapTraining.framework in Frameworks */ = {isa = PBXBuildFile; fileRef = D2477C35E8515DA026F1873D /* Pods_IlyaMapTraining.framework */; };
		9952A21A21833D37004B672A /* VKImage.swift in Sources */ = {isa = PBXBuildFile; fileRef = 9952A21921833D37004B672A /* VKImage.swift */; };
		9952A21C21833DB4004B672A /* VKImageSize.swift in Sources */ = {isa = PBXBuildFile; fileRef = 9952A21B21833DB4004B672A /* VKImageSize.swift */; };
		997B5F362182E414000257C4 /* ClusterAnnotationView.swift in Sources */ = {isa = PBXBuildFile; fileRef = 997B5F352182E414000257C4 /* ClusterAnnotationView.swift */; };
		9984D67E2186F74300DB1757 /* ImageDetailsViewController.swift in Sources */ = {isa = PBXBuildFile; fileRef = 9984D67D2186F74300DB1757 /* ImageDetailsViewController.swift */; };
		9984D6802186F76000DB1757 /* ImageDetailsViewController.storyboard in Resources */ = {isa = PBXBuildFile; fileRef = 9984D67F2186F76000DB1757 /* ImageDetailsViewController.storyboard */; };
		9984D6822187273900DB1757 /* ImagesPagesViewController.storyboard in Resources */ = {isa = PBXBuildFile; fileRef = 9984D6812187273900DB1757 /* ImagesPagesViewController.storyboard */; };
		9984D686218728D900DB1757 /* ImagePagesViewController.swift in Sources */ = {isa = PBXBuildFile; fileRef = 9984D685218728D900DB1757 /* ImagePagesViewController.swift */; };
		9984D68B21874A8A00DB1757 /* SelectImageCellAnimator.swift in Sources */ = {isa = PBXBuildFile; fileRef = 9984D68A21874A8A00DB1757 /* SelectImageCellAnimator.swift */; };
		999AB296218353A7003217DA /* VKImageListViewController.swift in Sources */ = {isa = PBXBuildFile; fileRef = 999AB295218353A7003217DA /* VKImageListViewController.swift */; };
		999AB2982183554B003217DA /* VKImageCollectionViewCell.swift in Sources */ = {isa = PBXBuildFile; fileRef = 999AB2972183554B003217DA /* VKImageCollectionViewCell.swift */; };
		99A0CCCE2181EBF2007E4544 /* AppDelegate.swift in Sources */ = {isa = PBXBuildFile; fileRef = 99A0CCCD2181EBF2007E4544 /* AppDelegate.swift */; };
		99A0CCD02181EBF2007E4544 /* ViewController.swift in Sources */ = {isa = PBXBuildFile; fileRef = 99A0CCCF2181EBF2007E4544 /* ViewController.swift */; };
		99A0CCD32181EBF2007E4544 /* Main.storyboard in Resources */ = {isa = PBXBuildFile; fileRef = 99A0CCD12181EBF2007E4544 /* Main.storyboard */; };
		99A0CCD62181EBF2007E4544 /* IlyaMapTraining.xcdatamodeld in Sources */ = {isa = PBXBuildFile; fileRef = 99A0CCD42181EBF2007E4544 /* IlyaMapTraining.xcdatamodeld */; };
		99A0CCD82181EBF4007E4544 /* Assets.xcassets in Resources */ = {isa = PBXBuildFile; fileRef = 99A0CCD72181EBF4007E4544 /* Assets.xcassets */; };
		99A0CCDB2181EBF4007E4544 /* LaunchScreen.storyboard in Resources */ = {isa = PBXBuildFile; fileRef = 99A0CCD92181EBF4007E4544 /* LaunchScreen.storyboard */; };
		99B03C942181EE4C0023E385 /* ImageMapViewController.swift in Sources */ = {isa = PBXBuildFile; fileRef = 99B03C932181EE4C0023E385 /* ImageMapViewController.swift */; };
		99B03C972181F7770023E385 /* ImageSheetViewController.swift in Sources */ = {isa = PBXBuildFile; fileRef = 99B03C962181F7770023E385 /* ImageSheetViewController.swift */; };
		99B03C992181F7900023E385 /* ImageCollectionViewCell.swift in Sources */ = {isa = PBXBuildFile; fileRef = 99B03C982181F7900023E385 /* ImageCollectionViewCell.swift */; };
		99B03C9B218206380023E385 /* CircleImageAnnotationView.swift in Sources */ = {isa = PBXBuildFile; fileRef = 99B03C9A218206380023E385 /* CircleImageAnnotationView.swift */; };
		99B03C9D218208030023E385 /* CircleImageAnnotation.swift in Sources */ = {isa = PBXBuildFile; fileRef = 99B03C9C218208030023E385 /* CircleImageAnnotation.swift */; };
		99B03C9F218208F00023E385 /* ImageData.swift in Sources */ = {isa = PBXBuildFile; fileRef = 99B03C9E218208F00023E385 /* ImageData.swift */; };
		99F50C7B2183133D001F7689 /* LoginViewController.swift in Sources */ = {isa = PBXBuildFile; fileRef = 99F50C7A2183133D001F7689 /* LoginViewController.swift */; };
		99F50C7D21833C39001F7689 /* VKPhotoResponse.swift in Sources */ = {isa = PBXBuildFile; fileRef = 99F50C7C21833C39001F7689 /* VKPhotoResponse.swift */; };
/* End PBXBuildFile section */

/* Begin PBXFileReference section */
		43FA6E933E027F58CB9BF309 /* Pods-IlyaMapTraining.release.xcconfig */ = {isa = PBXFileReference; includeInIndex = 1; lastKnownFileType = text.xcconfig; name = "Pods-IlyaMapTraining.release.xcconfig"; path = "Pods/Target Support Files/Pods-IlyaMapTraining/Pods-IlyaMapTraining.release.xcconfig"; sourceTree = "<group>"; };
		9952A21921833D37004B672A /* VKImage.swift */ = {isa = PBXFileReference; lastKnownFileType = sourcecode.swift; path = VKImage.swift; sourceTree = "<group>"; };
		9952A21B21833DB4004B672A /* VKImageSize.swift */ = {isa = PBXFileReference; lastKnownFileType = sourcecode.swift; path = VKImageSize.swift; sourceTree = "<group>"; };
		997B5F352182E414000257C4 /* ClusterAnnotationView.swift */ = {isa = PBXFileReference; lastKnownFileType = sourcecode.swift; path = ClusterAnnotationView.swift; sourceTree = "<group>"; };
		9984D67D2186F74300DB1757 /* ImageDetailsViewController.swift */ = {isa = PBXFileReference; lastKnownFileType = sourcecode.swift; path = ImageDetailsViewController.swift; sourceTree = "<group>"; };
		9984D67F2186F76000DB1757 /* ImageDetailsViewController.storyboard */ = {isa = PBXFileReference; lastKnownFileType = file.storyboard; path = ImageDetailsViewController.storyboard; sourceTree = "<group>"; };
		9984D6812187273900DB1757 /* ImagesPagesViewController.storyboard */ = {isa = PBXFileReference; lastKnownFileType = file.storyboard; path = ImagesPagesViewController.storyboard; sourceTree = "<group>"; };
		9984D685218728D900DB1757 /* ImagePagesViewController.swift */ = {isa = PBXFileReference; lastKnownFileType = sourcecode.swift; path = ImagePagesViewController.swift; sourceTree = "<group>"; };
		9984D68A21874A8A00DB1757 /* SelectImageCellAnimator.swift */ = {isa = PBXFileReference; lastKnownFileType = sourcecode.swift; path = SelectImageCellAnimator.swift; sourceTree = "<group>"; };
		999AB295218353A7003217DA /* VKImageListViewController.swift */ = {isa = PBXFileReference; lastKnownFileType = sourcecode.swift; path = VKImageListViewController.swift; sourceTree = "<group>"; };
		999AB2972183554B003217DA /* VKImageCollectionViewCell.swift */ = {isa = PBXFileReference; lastKnownFileType = sourcecode.swift; path = VKImageCollectionViewCell.swift; sourceTree = "<group>"; };
		99A0CCCA2181EBF2007E4544 /* IlyaMapTraining.app */ = {isa = PBXFileReference; explicitFileType = wrapper.application; includeInIndex = 0; path = IlyaMapTraining.app; sourceTree = BUILT_PRODUCTS_DIR; };
		99A0CCCD2181EBF2007E4544 /* AppDelegate.swift */ = {isa = PBXFileReference; lastKnownFileType = sourcecode.swift; path = AppDelegate.swift; sourceTree = "<group>"; };
		99A0CCCF2181EBF2007E4544 /* ViewController.swift */ = {isa = PBXFileReference; lastKnownFileType = sourcecode.swift; path = ViewController.swift; sourceTree = "<group>"; };
		99A0CCD22181EBF2007E4544 /* Base */ = {isa = PBXFileReference; lastKnownFileType = file.storyboard; name = Base; path = Base.lproj/Main.storyboard; sourceTree = "<group>"; };
		99A0CCD52181EBF2007E4544 /* IlyaMapTraining.xcdatamodel */ = {isa = PBXFileReference; lastKnownFileType = wrapper.xcdatamodel; path = IlyaMapTraining.xcdatamodel; sourceTree = "<group>"; };
		99A0CCD72181EBF4007E4544 /* Assets.xcassets */ = {isa = PBXFileReference; lastKnownFileType = folder.assetcatalog; path = Assets.xcassets; sourceTree = "<group>"; };
		99A0CCDA2181EBF4007E4544 /* Base */ = {isa = PBXFileReference; lastKnownFileType = file.storyboard; name = Base; path = Base.lproj/LaunchScreen.storyboard; sourceTree = "<group>"; };
		99A0CCDC2181EBF4007E4544 /* Info.plist */ = {isa = PBXFileReference; lastKnownFileType = text.plist.xml; path = Info.plist; sourceTree = "<group>"; };
		99B03C932181EE4C0023E385 /* ImageMapViewController.swift */ = {isa = PBXFileReference; lastKnownFileType = sourcecode.swift; path = ImageMapViewController.swift; sourceTree = "<group>"; };
		99B03C962181F7770023E385 /* ImageSheetViewController.swift */ = {isa = PBXFileReference; lastKnownFileType = sourcecode.swift; path = ImageSheetViewController.swift; sourceTree = "<group>"; };
		99B03C982181F7900023E385 /* ImageCollectionViewCell.swift */ = {isa = PBXFileReference; lastKnownFileType = sourcecode.swift; path = ImageCollectionViewCell.swift; sourceTree = "<group>"; };
		99B03C9A218206380023E385 /* CircleImageAnnotationView.swift */ = {isa = PBXFileReference; lastKnownFileType = sourcecode.swift; path = CircleImageAnnotationView.swift; sourceTree = "<group>"; };
		99B03C9C218208030023E385 /* CircleImageAnnotation.swift */ = {isa = PBXFileReference; lastKnownFileType = sourcecode.swift; path = CircleImageAnnotation.swift; sourceTree = "<group>"; };
		99B03C9E218208F00023E385 /* ImageData.swift */ = {isa = PBXFileReference; lastKnownFileType = sourcecode.swift; path = ImageData.swift; sourceTree = "<group>"; };
		99F50C7A2183133D001F7689 /* LoginViewController.swift */ = {isa = PBXFileReference; lastKnownFileType = sourcecode.swift; path = LoginViewController.swift; sourceTree = "<group>"; };
		99F50C7C21833C39001F7689 /* VKPhotoResponse.swift */ = {isa = PBXFileReference; lastKnownFileType = sourcecode.swift; path = VKPhotoResponse.swift; sourceTree = "<group>"; };
		D2477C35E8515DA026F1873D /* Pods_IlyaMapTraining.framework */ = {isa = PBXFileReference; explicitFileType = wrapper.framework; includeInIndex = 0; path = Pods_IlyaMapTraining.framework; sourceTree = BUILT_PRODUCTS_DIR; };
		F4BB24A1D5C863535DB3E110 /* Pods-IlyaMapTraining.debug.xcconfig */ = {isa = PBXFileReference; includeInIndex = 1; lastKnownFileType = text.xcconfig; name = "Pods-IlyaMapTraining.debug.xcconfig"; path = "Pods/Target Support Files/Pods-IlyaMapTraining/Pods-IlyaMapTraining.debug.xcconfig"; sourceTree = "<group>"; };
/* End PBXFileReference section */

/* Begin PBXFrameworksBuildPhase section */
		99A0CCC72181EBF2007E4544 /* Frameworks */ = {
			isa = PBXFrameworksBuildPhase;
			buildActionMask = 2147483647;
			files = (
				2ADBB2224151AB75A0D8458E /* Pods_IlyaMapTraining.framework in Frameworks */,
			);
			runOnlyForDeploymentPostprocessing = 0;
		};
/* End PBXFrameworksBuildPhase section */

/* Begin PBXGroup section */
		2E212DD305C703F6A0D60456 /* Pods */ = {
			isa = PBXGroup;
			children = (
				F4BB24A1D5C863535DB3E110 /* Pods-IlyaMapTraining.debug.xcconfig */,
				43FA6E933E027F58CB9BF309 /* Pods-IlyaMapTraining.release.xcconfig */,
			);
			name = Pods;
			sourceTree = "<group>";
		};
		3D728533B3618520CC8A2679 /* Frameworks */ = {
			isa = PBXGroup;
			children = (
				D2477C35E8515DA026F1873D /* Pods_IlyaMapTraining.framework */,
			);
			name = Frameworks;
			sourceTree = "<group>";
		};
		9952A21D218351CE004B672A /* Models */ = {
			isa = PBXGroup;
			children = (
				99F50C7C21833C39001F7689 /* VKPhotoResponse.swift */,
				9952A21921833D37004B672A /* VKImage.swift */,
				9952A21B21833DB4004B672A /* VKImageSize.swift */,
			);
			path = Models;
			sourceTree = "<group>";
		};
		9952A21E218351D8004B672A /* Modules */ = {
			isa = PBXGroup;
			children = (
				99A0CCE52181EC77007E4544 /* Main Screen */,
				999AB2932183533F003217DA /* Map View Controller */,
				99A0CCE62181EC80007E4544 /* Image Map View Controller */,
				99B03C952181F7560023E385 /* Image Sheet */,
				999AB2942183537F003217DA /* VK Images Collection */,
				9984D67C2186F6FD00DB1757 /* Image Details */,
			);
			path = Modules;
			sourceTree = "<group>";
		};
		9984D67C2186F6FD00DB1757 /* Image Details */ = {
			isa = PBXGroup;
			children = (
				9984D685218728D900DB1757 /* ImagePagesViewController.swift */,
				9984D67D2186F74300DB1757 /* ImageDetailsViewController.swift */,
			);
			path = "Image Details";
			sourceTree = "<group>";
		};
		9984D687218747DA00DB1757 /* Animators */ = {
			isa = PBXGroup;
			children = (
				9984D68A21874A8A00DB1757 /* SelectImageCellAnimator.swift */,
			);
			path = Animators;
			sourceTree = "<group>";
		};
		999AB2932183533F003217DA /* Map View Controller */ = {
			isa = PBXGroup;
			children = (
				99A0CCCF2181EBF2007E4544 /* ViewController.swift */,
			);
			path = "Map View Controller";
			sourceTree = "<group>";
		};
		999AB2942183537F003217DA /* VK Images Collection */ = {
			isa = PBXGroup;
			children = (
				999AB295218353A7003217DA /* VKImageListViewController.swift */,
				999AB2972183554B003217DA /* VKImageCollectionViewCell.swift */,
			);
			path = "VK Images Collection";
			sourceTree = "<group>";
		};
		99A0CCC12181EBF2007E4544 = {
			isa = PBXGroup;
			children = (
				99A0CCCC2181EBF2007E4544 /* IlyaMapTraining */,
				99A0CCCB2181EBF2007E4544 /* Products */,
				2E212DD305C703F6A0D60456 /* Pods */,
				3D728533B3618520CC8A2679 /* Frameworks */,
			);
			sourceTree = "<group>";
		};
		99A0CCCB2181EBF2007E4544 /* Products */ = {
			isa = PBXGroup;
			children = (
				99A0CCCA2181EBF2007E4544 /* IlyaMapTraining.app */,
			);
			name = Products;
			sourceTree = "<group>";
		};
		99A0CCCC2181EBF2007E4544 /* IlyaMapTraining */ = {
			isa = PBXGroup;
			children = (
				99A0CCE22181EC06007E4544 /* Sources */,
				99A0CCE32181EC0E007E4544 /* Resources */,
			);
			path = IlyaMapTraining;
			sourceTree = "<group>";
		};
		99A0CCE22181EC06007E4544 /* Sources */ = {
			isa = PBXGroup;
			children = (
				99A0CCCD2181EBF2007E4544 /* AppDelegate.swift */,
				9952A21E218351D8004B672A /* Modules */,
				9952A21D218351CE004B672A /* Models */,
				9984D687218747DA00DB1757 /* Animators */,
			);
			path = Sources;
			sourceTree = "<group>";
		};
		99A0CCE32181EC0E007E4544 /* Resources */ = {
			isa = PBXGroup;
			children = (
				99A0CCE42181EC6B007E4544 /* Storyboards */,
				99A0CCD72181EBF4007E4544 /* Assets.xcassets */,
				99A0CCDC2181EBF4007E4544 /* Info.plist */,
				99A0CCD42181EBF2007E4544 /* IlyaMapTraining.xcdatamodeld */,
			);
			path = Resources;
			sourceTree = "<group>";
		};
		99A0CCE42181EC6B007E4544 /* Storyboards */ = {
			isa = PBXGroup;
			children = (
				99A0CCD12181EBF2007E4544 /* Main.storyboard */,
				9984D6812187273900DB1757 /* ImagesPagesViewController.storyboard */,
				9984D67F2186F76000DB1757 /* ImageDetailsViewController.storyboard */,
				99A0CCD92181EBF4007E4544 /* LaunchScreen.storyboard */,
			);
			path = Storyboards;
			sourceTree = "<group>";
		};
		99A0CCE52181EC77007E4544 /* Main Screen */ = {
			isa = PBXGroup;
			children = (
				99F50C7A2183133D001F7689 /* LoginViewController.swift */,
			);
			path = "Main Screen";
			sourceTree = "<group>";
		};
		99A0CCE62181EC80007E4544 /* Image Map View Controller */ = {
			isa = PBXGroup;
			children = (
				99B03C932181EE4C0023E385 /* ImageMapViewController.swift */,
				997B5F352182E414000257C4 /* ClusterAnnotationView.swift */,
				99B03C9A218206380023E385 /* CircleImageAnnotationView.swift */,
				99B03C9C218208030023E385 /* CircleImageAnnotation.swift */,
				99B03C9E218208F00023E385 /* ImageData.swift */,
			);
			path = "Image Map View Controller";
			sourceTree = "<group>";
		};
		99B03C952181F7560023E385 /* Image Sheet */ = {
			isa = PBXGroup;
			children = (
				99B03C962181F7770023E385 /* ImageSheetViewController.swift */,
				99B03C982181F7900023E385 /* ImageCollectionViewCell.swift */,
			);
			path = "Image Sheet";
			sourceTree = "<group>";
		};
/* End PBXGroup section */

/* Begin PBXNativeTarget section */
		99A0CCC92181EBF2007E4544 /* IlyaMapTraining */ = {
			isa = PBXNativeTarget;
			buildConfigurationList = 99A0CCDF2181EBF4007E4544 /* Build configuration list for PBXNativeTarget "IlyaMapTraining" */;
			buildPhases = (
				A2375623AB591838C49E35EA /* [CP] Check Pods Manifest.lock */,
				99A0CCC62181EBF2007E4544 /* Sources */,
				99A0CCC72181EBF2007E4544 /* Frameworks */,
				99A0CCC82181EBF2007E4544 /* Resources */,
				2BCFF181A49BDCEE148B0AC9 /* [CP] Embed Pods Frameworks */,
			);
			buildRules = (
			);
			dependencies = (
			);
			name = IlyaMapTraining;
			productName = IlyaMapTraining;
			productReference = 99A0CCCA2181EBF2007E4544 /* IlyaMapTraining.app */;
			productType = "com.apple.product-type.application";
		};
/* End PBXNativeTarget section */

/* Begin PBXProject section */
		99A0CCC22181EBF2007E4544 /* Project object */ = {
			isa = PBXProject;
			attributes = {
				LastSwiftUpdateCheck = 1000;
				LastUpgradeCheck = 1000;
				ORGANIZATIONNAME = "Kovalenko Ilia";
				TargetAttributes = {
					99A0CCC92181EBF2007E4544 = {
						CreatedOnToolsVersion = 10.0;
					};
				};
			};
			buildConfigurationList = 99A0CCC52181EBF2007E4544 /* Build configuration list for PBXProject "IlyaMapTraining" */;
			compatibilityVersion = "Xcode 9.3";
			developmentRegion = en;
			hasScannedForEncodings = 0;
			knownRegions = (
				en,
				Base,
			);
			mainGroup = 99A0CCC12181EBF2007E4544;
			productRefGroup = 99A0CCCB2181EBF2007E4544 /* Products */;
			projectDirPath = "";
			projectRoot = "";
			targets = (
				99A0CCC92181EBF2007E4544 /* IlyaMapTraining */,
			);
		};
/* End PBXProject section */

/* Begin PBXResourcesBuildPhase section */
		99A0CCC82181EBF2007E4544 /* Resources */ = {
			isa = PBXResourcesBuildPhase;
			buildActionMask = 2147483647;
			files = (
				9984D6802186F76000DB1757 /* ImageDetailsViewController.storyboard in Resources */,
				9984D6822187273900DB1757 /* ImagesPagesViewController.storyboard in Resources */,
				99A0CCDB2181EBF4007E4544 /* LaunchScreen.storyboard in Resources */,
				99A0CCD82181EBF4007E4544 /* Assets.xcassets in Resources */,
				99A0CCD32181EBF2007E4544 /* Main.storyboard in Resources */,
			);
			runOnlyForDeploymentPostprocessing = 0;
		};
/* End PBXResourcesBuildPhase section */

/* Begin PBXShellScriptBuildPhase section */
		2BCFF181A49BDCEE148B0AC9 /* [CP] Embed Pods Frameworks */ = {
			isa = PBXShellScriptBuildPhase;
			buildActionMask = 2147483647;
			files = (
			);
			inputPaths = (
				"${SRCROOT}/Pods/Target Support Files/Pods-IlyaMapTraining/Pods-IlyaMapTraining-frameworks.sh",
				"${BUILT_PRODUCTS_DIR}/Kingfisher/Kingfisher.framework",
				"${BUILT_PRODUCTS_DIR}/ObjectMapper/ObjectMapper.framework",
				"${BUILT_PRODUCTS_DIR}/VK-ios-sdk/VK_ios_sdk.framework",
			);
			name = "[CP] Embed Pods Frameworks";
			outputPaths = (
				"${TARGET_BUILD_DIR}/${FRAMEWORKS_FOLDER_PATH}/Kingfisher.framework",
				"${TARGET_BUILD_DIR}/${FRAMEWORKS_FOLDER_PATH}/ObjectMapper.framework",
				"${TARGET_BUILD_DIR}/${FRAMEWORKS_FOLDER_PATH}/VK_ios_sdk.framework",
			);
			runOnlyForDeploymentPostprocessing = 0;
			shellPath = /bin/sh;
			shellScript = "\"${SRCROOT}/Pods/Target Support Files/Pods-IlyaMapTraining/Pods-IlyaMapTraining-frameworks.sh\"\n";
			showEnvVarsInLog = 0;
		};
		A2375623AB591838C49E35EA /* [CP] Check Pods Manifest.lock */ = {
			isa = PBXShellScriptBuildPhase;
			buildActionMask = 2147483647;
			files = (
			);
			inputPaths = (
				"${PODS_PODFILE_DIR_PATH}/Podfile.lock",
				"${PODS_ROOT}/Manifest.lock",
			);
			name = "[CP] Check Pods Manifest.lock";
			outputPaths = (
				"$(DERIVED_FILE_DIR)/Pods-IlyaMapTraining-checkManifestLockResult.txt",
			);
			runOnlyForDeploymentPostprocessing = 0;
			shellPath = /bin/sh;
			shellScript = "diff \"${PODS_PODFILE_DIR_PATH}/Podfile.lock\" \"${PODS_ROOT}/Manifest.lock\" > /dev/null\nif [ $? != 0 ] ; then\n    # print error to STDERR\n    echo \"error: The sandbox is not in sync with the Podfile.lock. Run 'pod install' or update your CocoaPods installation.\" >&2\n    exit 1\nfi\n# This output is used by Xcode 'outputs' to avoid re-running this script phase.\necho \"SUCCESS\" > \"${SCRIPT_OUTPUT_FILE_0}\"\n";
			showEnvVarsInLog = 0;
		};
/* End PBXShellScriptBuildPhase section */

/* Begin PBXSourcesBuildPhase section */
		99A0CCC62181EBF2007E4544 /* Sources */ = {
			isa = PBXSourcesBuildPhase;
			buildActionMask = 2147483647;
			files = (
				99B03C992181F7900023E385 /* ImageCollectionViewCell.swift in Sources */,
				9952A21C21833DB4004B672A /* VKImageSize.swift in Sources */,
				99A0CCD02181EBF2007E4544 /* ViewController.swift in Sources */,
				99F50C7D21833C39001F7689 /* VKPhotoResponse.swift in Sources */,
				9952A21A21833D37004B672A /* VKImage.swift in Sources */,
				999AB2982183554B003217DA /* VKImageCollectionViewCell.swift in Sources */,
				997B5F362182E414000257C4 /* ClusterAnnotationView.swift in Sources */,
				999AB296218353A7003217DA /* VKImageListViewController.swift in Sources */,
				9984D686218728D900DB1757 /* ImagePagesViewController.swift in Sources */,
				99B03C972181F7770023E385 /* ImageSheetViewController.swift in Sources */,
				99B03C9B218206380023E385 /* CircleImageAnnotationView.swift in Sources */,
				99A0CCCE2181EBF2007E4544 /* AppDelegate.swift in Sources */,
				99B03C9F218208F00023E385 /* ImageData.swift in Sources */,
				99A0CCD62181EBF2007E4544 /* IlyaMapTraining.xcdatamodeld in Sources */,
				99B03C9D218208030023E385 /* CircleImageAnnotation.swift in Sources */,
				99B03C942181EE4C0023E385 /* ImageMapViewController.swift in Sources */,
				99F50C7B2183133D001F7689 /* LoginViewController.swift in Sources */,
				9984D68B21874A8A00DB1757 /* SelectImageCellAnimator.swift in Sources */,
				9984D67E2186F74300DB1757 /* ImageDetailsViewController.swift in Sources */,
			);
			runOnlyForDeploymentPostprocessing = 0;
		};
/* End PBXSourcesBuildPhase section */

/* Begin PBXVariantGroup section */
		99A0CCD12181EBF2007E4544 /* Main.storyboard */ = {
			isa = PBXVariantGroup;
			children = (
				99A0CCD22181EBF2007E4544 /* Base */,
			);
			name = Main.storyboard;
			sourceTree = "<group>";
		};
		99A0CCD92181EBF4007E4544 /* LaunchScreen.storyboard */ = {
			isa = PBXVariantGroup;
			children = (
				99A0CCDA2181EBF4007E4544 /* Base */,
			);
			name = LaunchScreen.storyboard;
			sourceTree = "<group>";
		};
/* End PBXVariantGroup section */

/* Begin XCBuildConfiguration section */
		99A0CCDD2181EBF4007E4544 /* Debug */ = {
			isa = XCBuildConfiguration;
			buildSettings = {
				ALWAYS_SEARCH_USER_PATHS = NO;
				CLANG_ANALYZER_NONNULL = YES;
				CLANG_ANALYZER_NUMBER_OBJECT_CONVERSION = YES_AGGRESSIVE;
				CLANG_CXX_LANGUAGE_STANDARD = "gnu++14";
				CLANG_CXX_LIBRARY = "libc++";
				CLANG_ENABLE_MODULES = YES;
				CLANG_ENABLE_OBJC_ARC = YES;
				CLANG_ENABLE_OBJC_WEAK = YES;
				CLANG_WARN_BLOCK_CAPTURE_AUTORELEASING = YES;
				CLANG_WARN_BOOL_CONVERSION = YES;
				CLANG_WARN_COMMA = YES;
				CLANG_WARN_CONSTANT_CONVERSION = YES;
				CLANG_WARN_DEPRECATED_OBJC_IMPLEMENTATIONS = YES;
				CLANG_WARN_DIRECT_OBJC_ISA_USAGE = YES_ERROR;
				CLANG_WARN_DOCUMENTATION_COMMENTS = YES;
				CLANG_WARN_EMPTY_BODY = YES;
				CLANG_WARN_ENUM_CONVERSION = YES;
				CLANG_WARN_INFINITE_RECURSION = YES;
				CLANG_WARN_INT_CONVERSION = YES;
				CLANG_WARN_NON_LITERAL_NULL_CONVERSION = YES;
				CLANG_WARN_OBJC_IMPLICIT_RETAIN_SELF = YES;
				CLANG_WARN_OBJC_LITERAL_CONVERSION = YES;
				CLANG_WARN_OBJC_ROOT_CLASS = YES_ERROR;
				CLANG_WARN_RANGE_LOOP_ANALYSIS = YES;
				CLANG_WARN_STRICT_PROTOTYPES = YES;
				CLANG_WARN_SUSPICIOUS_MOVE = YES;
				CLANG_WARN_UNGUARDED_AVAILABILITY = YES_AGGRESSIVE;
				CLANG_WARN_UNREACHABLE_CODE = YES;
				CLANG_WARN__DUPLICATE_METHOD_MATCH = YES;
				CODE_SIGN_IDENTITY = "iPhone Developer";
				COPY_PHASE_STRIP = NO;
				DEBUG_INFORMATION_FORMAT = dwarf;
				ENABLE_STRICT_OBJC_MSGSEND = YES;
				ENABLE_TESTABILITY = YES;
				GCC_C_LANGUAGE_STANDARD = gnu11;
				GCC_DYNAMIC_NO_PIC = NO;
				GCC_NO_COMMON_BLOCKS = YES;
				GCC_OPTIMIZATION_LEVEL = 0;
				GCC_PREPROCESSOR_DEFINITIONS = (
					"DEBUG=1",
					"$(inherited)",
				);
				GCC_WARN_64_TO_32_BIT_CONVERSION = YES;
				GCC_WARN_ABOUT_RETURN_TYPE = YES_ERROR;
				GCC_WARN_UNDECLARED_SELECTOR = YES;
				GCC_WARN_UNINITIALIZED_AUTOS = YES_AGGRESSIVE;
				GCC_WARN_UNUSED_FUNCTION = YES;
				GCC_WARN_UNUSED_VARIABLE = YES;
				IPHONEOS_DEPLOYMENT_TARGET = 12.0;
				MTL_ENABLE_DEBUG_INFO = INCLUDE_SOURCE;
				MTL_FAST_MATH = YES;
				ONLY_ACTIVE_ARCH = YES;
				SDKROOT = iphoneos;
				SWIFT_ACTIVE_COMPILATION_CONDITIONS = DEBUG;
				SWIFT_OPTIMIZATION_LEVEL = "-Onone";
			};
			name = Debug;
		};
		99A0CCDE2181EBF4007E4544 /* Release */ = {
			isa = XCBuildConfiguration;
			buildSettings = {
				ALWAYS_SEARCH_USER_PATHS = NO;
				CLANG_ANALYZER_NONNULL = YES;
				CLANG_ANALYZER_NUMBER_OBJECT_CONVERSION = YES_AGGRESSIVE;
				CLANG_CXX_LANGUAGE_STANDARD = "gnu++14";
				CLANG_CXX_LIBRARY = "libc++";
				CLANG_ENABLE_MODULES = YES;
				CLANG_ENABLE_OBJC_ARC = YES;
				CLANG_ENABLE_OBJC_WEAK = YES;
				CLANG_WARN_BLOCK_CAPTURE_AUTORELEASING = YES;
				CLANG_WARN_BOOL_CONVERSION = YES;
				CLANG_WARN_COMMA = YES;
				CLANG_WARN_CONSTANT_CONVERSION = YES;
				CLANG_WARN_DEPRECATED_OBJC_IMPLEMENTATIONS = YES;
				CLANG_WARN_DIRECT_OBJC_ISA_USAGE = YES_ERROR;
				CLANG_WARN_DOCUMENTATION_COMMENTS = YES;
				CLANG_WARN_EMPTY_BODY = YES;
				CLANG_WARN_ENUM_CONVERSION = YES;
				CLANG_WARN_INFINITE_RECURSION = YES;
				CLANG_WARN_INT_CONVERSION = YES;
				CLANG_WARN_NON_LITERAL_NULL_CONVERSION = YES;
				CLANG_WARN_OBJC_IMPLICIT_RETAIN_SELF = YES;
				CLANG_WARN_OBJC_LITERAL_CONVERSION = YES;
				CLANG_WARN_OBJC_ROOT_CLASS = YES_ERROR;
				CLANG_WARN_RANGE_LOOP_ANALYSIS = YES;
				CLANG_WARN_STRICT_PROTOTYPES = YES;
				CLANG_WARN_SUSPICIOUS_MOVE = YES;
				CLANG_WARN_UNGUARDED_AVAILABILITY = YES_AGGRESSIVE;
				CLANG_WARN_UNREACHABLE_CODE = YES;
				CLANG_WARN__DUPLICATE_METHOD_MATCH = YES;
				CODE_SIGN_IDENTITY = "iPhone Developer";
				COPY_PHASE_STRIP = NO;
				DEBUG_INFORMATION_FORMAT = "dwarf-with-dsym";
				ENABLE_NS_ASSERTIONS = NO;
				ENABLE_STRICT_OBJC_MSGSEND = YES;
				GCC_C_LANGUAGE_STANDARD = gnu11;
				GCC_NO_COMMON_BLOCKS = YES;
				GCC_WARN_64_TO_32_BIT_CONVERSION = YES;
				GCC_WARN_ABOUT_RETURN_TYPE = YES_ERROR;
				GCC_WARN_UNDECLARED_SELECTOR = YES;
				GCC_WARN_UNINITIALIZED_AUTOS = YES_AGGRESSIVE;
				GCC_WARN_UNUSED_FUNCTION = YES;
				GCC_WARN_UNUSED_VARIABLE = YES;
				IPHONEOS_DEPLOYMENT_TARGET = 12.0;
				MTL_ENABLE_DEBUG_INFO = NO;
				MTL_FAST_MATH = YES;
				SDKROOT = iphoneos;
				SWIFT_COMPILATION_MODE = wholemodule;
				SWIFT_OPTIMIZATION_LEVEL = "-O";
				VALIDATE_PRODUCT = YES;
			};
			name = Release;
		};
		99A0CCE02181EBF4007E4544 /* Debug */ = {
			isa = XCBuildConfiguration;
			baseConfigurationReference = F4BB24A1D5C863535DB3E110 /* Pods-IlyaMapTraining.debug.xcconfig */;
			buildSettings = {
				ASSETCATALOG_COMPILER_APPICON_NAME = AppIcon;
				CODE_SIGN_STYLE = Automatic;
				DEVELOPMENT_TEAM = QJB3397G8M;
				INFOPLIST_FILE = "$(SRCROOT)/IlyaMapTraining/Resources/Info.plist";
				LD_RUNPATH_SEARCH_PATHS = (
					"$(inherited)",
					"@executable_path/Frameworks",
				);
				PRODUCT_BUNDLE_IDENTIFIER = ru.kovalenko.IlyaMapTraining;
				PRODUCT_NAME = "$(TARGET_NAME)";
				SWIFT_VERSION = 4.2;
				TARGETED_DEVICE_FAMILY = "1,2";
			};
			name = Debug;
		};
		99A0CCE12181EBF4007E4544 /* Release */ = {
			isa = XCBuildConfiguration;
			baseConfigurationReference = 43FA6E933E027F58CB9BF309 /* Pods-IlyaMapTraining.release.xcconfig */;
			buildSettings = {
				ASSETCATALOG_COMPILER_APPICON_NAME = AppIcon;
				CODE_SIGN_STYLE = Automatic;
				DEVELOPMENT_TEAM = QJB3397G8M;
				INFOPLIST_FILE = "$(SRCROOT)/IlyaMapTraining/Resources/Info.plist";
				LD_RUNPATH_SEARCH_PATHS = (
					"$(inherited)",
					"@executable_path/Frameworks",
				);
				PRODUCT_BUNDLE_IDENTIFIER = ru.kovalenko.IlyaMapTraining;
				PRODUCT_NAME = "$(TARGET_NAME)";
				SWIFT_VERSION = 4.2;
				TARGETED_DEVICE_FAMILY = "1,2";
			};
			name = Release;
		};
/* End XCBuildConfiguration section */

/* Begin XCConfigurationList section */
		99A0CCC52181EBF2007E4544 /* Build configuration list for PBXProject "IlyaMapTraining" */ = {
			isa = XCConfigurationList;
			buildConfigurations = (
				99A0CCDD2181EBF4007E4544 /* Debug */,
				99A0CCDE2181EBF4007E4544 /* Release */,
			);
			defaultConfigurationIsVisible = 0;
			defaultConfigurationName = Release;
		};
		99A0CCDF2181EBF4007E4544 /* Build configuration list for PBXNativeTarget "IlyaMapTraining" */ = {
			isa = XCConfigurationList;
			buildConfigurations = (
				99A0CCE02181EBF4007E4544 /* Debug */,
				99A0CCE12181EBF4007E4544 /* Release */,
			);
			defaultConfigurationIsVisible = 0;
			defaultConfigurationName = Release;
		};
/* End XCConfigurationList section */

/* Begin XCVersionGroup section */
		99A0CCD42181EBF2007E4544 /* IlyaMapTraining.xcdatamodeld */ = {
			isa = XCVersionGroup;
			children = (
				99A0CCD52181EBF2007E4544 /* IlyaMapTraining.xcdatamodel */,
			);
			currentVersion = 99A0CCD52181EBF2007E4544 /* IlyaMapTraining.xcdatamodel */;
			path = IlyaMapTraining.xcdatamodeld;
			sourceTree = "<group>";
			versionGroupType = wrapper.xcdatamodel;
		};
/* End XCVersionGroup section */
	};
	rootObject = 99A0CCC22181EBF2007E4544 /* Project object */;
}
